
Microsoft Visual Studio Solution File, Format Version 12.00
# Visual Studio Version 17
VisualStudioVersion = 17.0.31919.166
MinimumVisualStudioVersion = 10.0.40219.1
Project("{FAE04EC0-301F-11D3-BF4B-00C04F79EFBC}") = "OOP_L4", "OOP_L4\OOP_L4.csproj", "{56607587-BE0B-4C1D-804A-75A8A7267BCE}"
EndProject
Project("{FAE04EC0-301F-11D3-BF4B-00C04F79EFBC}") = "ConstructionInstallationManagement", "ConstructionInstallationManagement\ConstructionInstallationManagement.csproj", "{D5CF8375-D190-40D6-BC77-0FE7F10AA447}"
EndProject
Project("{2150E333-8FDC-42A3-9474-1A3956D46DE8}") = "Solution Items", "Solution Items", "{C82D8B7E-E9F0-4334-922C-1D01C5B30C96}"
	ProjectSection(SolutionItems) = preProject
		.editorconfig = .editorconfig
	EndProjectSection
EndProject
Global
	GlobalSection(SolutionConfigurationPlatforms) = preSolution
		Debug|Any CPU = Debug|Any CPU
		Release|Any CPU = Release|Any CPU
	EndGlobalSection
	GlobalSection(ProjectConfigurationPlatforms) = postSolution
		{56607587-BE0B-4C1D-804A-75A8A7267BCE}.Debug|Any CPU.ActiveCfg = Debug|Any CPU
		{56607587-BE0B-4C1D-804A-75A8A7267BCE}.Debug|Any CPU.Build.0 = Debug|Any CPU
		{56607587-BE0B-4C1D-804A-75A8A7267BCE}.Release|Any CPU.ActiveCfg = Release|Any CPU
		{56607587-BE0B-4C1D-804A-75A8A7267BCE}.Release|Any CPU.Build.0 = Release|Any CPU
		{D5CF8375-D190-40D6-BC77-0FE7F10AA447}.Debug|Any CPU.ActiveCfg = Debug|Any CPU
		{D5CF8375-D190-40D6-BC77-0FE7F10AA447}.Debug|Any CPU.Build.0 = Debug|Any CPU
		{D5CF8375-D190-40D6-BC77-0FE7F10AA447}.Release|Any CPU.ActiveCfg = Release|Any CPU
		{D5CF8375-D190-40D6-BC77-0FE7F10AA447}.Release|Any CPU.Build.0 = Release|Any CPU
	EndGlobalSection
	GlobalSection(SolutionProperties) = preSolution
		HideSolutionNode = FALSE
	EndGlobalSection
	GlobalSection(ExtensibilityGlobals) = postSolution
		SolutionGuid = {8F36DC29-7B20-4531-9D69-EBFA5DAA8945}
	EndGlobalSection
EndGlobal
